
Microsoft Visual Studio Solution File, Format Version 12.00
# Visual Studio Version 16
VisualStudioVersion = 16.0.31702.278
MinimumVisualStudioVersion = 10.0.40219.1
Project("{FAE04EC0-301F-11D3-BF4B-00C04F79EFBC}") = "VowelCounter", "VowelCounter\VowelCounter.csproj", "{C2B0EE2F-4A2B-4D89-80F5-EFE0CB481835}"
EndProject
Global
	GlobalSection(SolutionConfigurationPlatforms) = preSolution
		Debug|Any CPU = Debug|Any CPU
		Release|Any CPU = Release|Any CPU
	EndGlobalSection
	GlobalSection(ProjectConfigurationPlatforms) = postSolution
		{C2B0EE2F-4A2B-4D89-80F5-EFE0CB481835}.Debug|Any CPU.ActiveCfg = Debug|Any CPU
		{C2B0EE2F-4A2B-4D89-80F5-EFE0CB481835}.Debug|Any CPU.Build.0 = Debug|Any CPU
		{C2B0EE2F-4A2B-4D89-80F5-EFE0CB481835}.Release|Any CPU.ActiveCfg = Release|Any CPU
		{C2B0EE2F-4A2B-4D89-80F5-EFE0CB481835}.Release|Any CPU.Build.0 = Release|Any CPU
	EndGlobalSection
	GlobalSection(SolutionProperties) = preSolution
		HideSolutionNode = FALSE
	EndGlobalSection
	GlobalSection(ExtensibilityGlobals) = postSolution
		SolutionGuid = {930E6B27-9EF5-48DF-AB34-608251209060}
	EndGlobalSection
EndGlobal
